// !$*UTF8*$!
{
	archiveVersion = 1;
	classes = {
	};
	objectVersion = 46;
	objects = {

/* Begin PBXBuildFile section */
		C51A1AA31AE87ADA006D68E5 /* AppDelegate.swift in Sources */ = {isa = PBXBuildFile; fileRef = C51A1AA21AE87ADA006D68E5 /* AppDelegate.swift */; };
		C51A1AA51AE87ADA006D68E5 /* ViewController.swift in Sources */ = {isa = PBXBuildFile; fileRef = C51A1AA41AE87ADA006D68E5 /* ViewController.swift */; };
		C51A1AA81AE87ADA006D68E5 /* Main.storyboard in Resources */ = {isa = PBXBuildFile; fileRef = C51A1AA61AE87ADA006D68E5 /* Main.storyboard */; };
		C51A1AAA1AE87ADA006D68E5 /* Images.xcassets in Resources */ = {isa = PBXBuildFile; fileRef = C51A1AA91AE87ADA006D68E5 /* Images.xcassets */; };
		C51A1AAD1AE87ADA006D68E5 /* LaunchScreen.xib in Resources */ = {isa = PBXBuildFile; fileRef = C51A1AAB1AE87ADA006D68E5 /* LaunchScreen.xib */; };
		C51A1AB91AE87ADA006D68E5 /* Watch_SnapTests.swift in Sources */ = {isa = PBXBuildFile; fileRef = C51A1AB81AE87ADA006D68E5 /* Watch_SnapTests.swift */; };
		C51A1ACC1AE883C1006D68E5 /* PreviewController.swift in Sources */ = {isa = PBXBuildFile; fileRef = C51A1ACB1AE883C1006D68E5 /* PreviewController.swift */; };
		C51A1ACE1AE883C1006D68E5 /* NotificationController.swift in Sources */ = {isa = PBXBuildFile; fileRef = C51A1ACD1AE883C1006D68E5 /* NotificationController.swift */; };
		C51A1AD41AE883C1006D68E5 /* Watch Snap WatchKit App.app in Resources */ = {isa = PBXBuildFile; fileRef = C51A1AD31AE883C1006D68E5 /* Watch Snap WatchKit App.app */; };
		C51A1ADC1AE883C1006D68E5 /* Interface.storyboard in Resources */ = {isa = PBXBuildFile; fileRef = C51A1ADA1AE883C1006D68E5 /* Interface.storyboard */; };
		C51A1AE11AE883C1006D68E5 /* Watch Snap WatchKit Extension.appex in Embed App Extensions */ = {isa = PBXBuildFile; fileRef = C51A1AC61AE883C1006D68E5 /* Watch Snap WatchKit Extension.appex */; settings = {ATTRIBUTES = (RemoveHeadersOnCopy, ); }; };
		C51A1AEB1AE88AED006D68E5 /* Shared.swift in Sources */ = {isa = PBXBuildFile; fileRef = C51A1AEA1AE88AED006D68E5 /* Shared.swift */; };
		C51A1AEC1AE88AF8006D68E5 /* Shared.swift in Sources */ = {isa = PBXBuildFile; fileRef = C51A1AEA1AE88AED006D68E5 /* Shared.swift */; };
		C51A1AEE1AE88F49006D68E5 /* testimage.png in Resources */ = {isa = PBXBuildFile; fileRef = C51A1AED1AE88F49006D68E5 /* testimage.png */; };
		C51A1AF01AE8BAC4006D68E5 /* DisplayController.swift in Sources */ = {isa = PBXBuildFile; fileRef = C51A1AEF1AE8BAC4006D68E5 /* DisplayController.swift */; };
		C5B1F9A01AE8D4D4007541B5 /* Images.xcassets in Resources */ = {isa = PBXBuildFile; fileRef = C51A1AA91AE87ADA006D68E5 /* Images.xcassets */; };
		C5B1F9A11AE8DE52007541B5 /* Images.xcassets in Resources */ = {isa = PBXBuildFile; fileRef = C51A1AA91AE87ADA006D68E5 /* Images.xcassets */; };
		C5E92EC21AE8EC7D007E9121 /* WatchImages.xcassets in Resources */ = {isa = PBXBuildFile; fileRef = C5E92EC11AE8EC7D007E9121 /* WatchImages.xcassets */; };
/* End PBXBuildFile section */

/* Begin PBXContainerItemProxy section */
		C51A1AB31AE87ADA006D68E5 /* PBXContainerItemProxy */ = {
			isa = PBXContainerItemProxy;
			containerPortal = C51A1A951AE87ADA006D68E5 /* Project object */;
			proxyType = 1;
			remoteGlobalIDString = C51A1A9C1AE87ADA006D68E5;
			remoteInfo = "Watch Snap";
		};
		C51A1AD51AE883C1006D68E5 /* PBXContainerItemProxy */ = {
			isa = PBXContainerItemProxy;
			containerPortal = C51A1A951AE87ADA006D68E5 /* Project object */;
			proxyType = 1;
			remoteGlobalIDString = C51A1AD21AE883C1006D68E5;
			remoteInfo = "Watch Snap WatchKit App";
		};
		C51A1ADF1AE883C1006D68E5 /* PBXContainerItemProxy */ = {
			isa = PBXContainerItemProxy;
			containerPortal = C51A1A951AE87ADA006D68E5 /* Project object */;
			proxyType = 1;
			remoteGlobalIDString = C51A1AC51AE883C1006D68E5;
			remoteInfo = "Watch Snap WatchKit Extension";
		};
/* End PBXContainerItemProxy section */

/* Begin PBXCopyFilesBuildPhase section */
		C51A1AE81AE883C1006D68E5 /* Embed App Extensions */ = {
			isa = PBXCopyFilesBuildPhase;
			buildActionMask = 2147483647;
			dstPath = "";
			dstSubfolderSpec = 13;
			files = (
				C51A1AE11AE883C1006D68E5 /* Watch Snap WatchKit Extension.appex in Embed App Extensions */,
			);
			name = "Embed App Extensions";
			runOnlyForDeploymentPostprocessing = 0;
		};
/* End PBXCopyFilesBuildPhase section */

/* Begin PBXFileReference section */
		C51A1A9D1AE87ADA006D68E5 /* Watch Snap.app */ = {isa = PBXFileReference; explicitFileType = wrapper.application; includeInIndex = 0; path = "Watch Snap.app"; sourceTree = BUILT_PRODUCTS_DIR; };
		C51A1AA11AE87ADA006D68E5 /* Info.plist */ = {isa = PBXFileReference; lastKnownFileType = text.plist.xml; path = Info.plist; sourceTree = "<group>"; };
		C51A1AA21AE87ADA006D68E5 /* AppDelegate.swift */ = {isa = PBXFileReference; lastKnownFileType = sourcecode.swift; path = AppDelegate.swift; sourceTree = "<group>"; };
		C51A1AA41AE87ADA006D68E5 /* ViewController.swift */ = {isa = PBXFileReference; lastKnownFileType = sourcecode.swift; path = ViewController.swift; sourceTree = "<group>"; };
		C51A1AA71AE87ADA006D68E5 /* Base */ = {isa = PBXFileReference; lastKnownFileType = file.storyboard; name = Base; path = Base.lproj/Main.storyboard; sourceTree = "<group>"; };
		C51A1AA91AE87ADA006D68E5 /* Images.xcassets */ = {isa = PBXFileReference; lastKnownFileType = folder.assetcatalog; path = Images.xcassets; sourceTree = "<group>"; };
		C51A1AAC1AE87ADA006D68E5 /* Base */ = {isa = PBXFileReference; lastKnownFileType = file.xib; name = Base; path = Base.lproj/LaunchScreen.xib; sourceTree = "<group>"; };
		C51A1AB21AE87ADA006D68E5 /* Watch SnapTests.xctest */ = {isa = PBXFileReference; explicitFileType = wrapper.cfbundle; includeInIndex = 0; path = "Watch SnapTests.xctest"; sourceTree = BUILT_PRODUCTS_DIR; };
		C51A1AB71AE87ADA006D68E5 /* Info.plist */ = {isa = PBXFileReference; lastKnownFileType = text.plist.xml; path = Info.plist; sourceTree = "<group>"; };
		C51A1AB81AE87ADA006D68E5 /* Watch_SnapTests.swift */ = {isa = PBXFileReference; lastKnownFileType = sourcecode.swift; path = Watch_SnapTests.swift; sourceTree = "<group>"; };
		C51A1AC61AE883C1006D68E5 /* Watch Snap WatchKit Extension.appex */ = {isa = PBXFileReference; explicitFileType = "wrapper.app-extension"; includeInIndex = 0; path = "Watch Snap WatchKit Extension.appex"; sourceTree = BUILT_PRODUCTS_DIR; };
		C51A1AC91AE883C1006D68E5 /* Info.plist */ = {isa = PBXFileReference; lastKnownFileType = text.plist.xml; path = Info.plist; sourceTree = "<group>"; };
		C51A1ACA1AE883C1006D68E5 /* PushNotificationPayload.apns */ = {isa = PBXFileReference; lastKnownFileType = text; path = PushNotificationPayload.apns; sourceTree = "<group>"; };
		C51A1ACB1AE883C1006D68E5 /* PreviewController.swift */ = {isa = PBXFileReference; lastKnownFileType = sourcecode.swift; path = PreviewController.swift; sourceTree = "<group>"; };
		C51A1ACD1AE883C1006D68E5 /* NotificationController.swift */ = {isa = PBXFileReference; lastKnownFileType = sourcecode.swift; path = NotificationController.swift; sourceTree = "<group>"; };
		C51A1AD31AE883C1006D68E5 /* Watch Snap WatchKit App.app */ = {isa = PBXFileReference; explicitFileType = wrapper.application; includeInIndex = 0; path = "Watch Snap WatchKit App.app"; sourceTree = BUILT_PRODUCTS_DIR; };
		C51A1AD91AE883C1006D68E5 /* Info.plist */ = {isa = PBXFileReference; lastKnownFileType = text.plist.xml; path = Info.plist; sourceTree = "<group>"; };
		C51A1ADB1AE883C1006D68E5 /* Base */ = {isa = PBXFileReference; lastKnownFileType = file.storyboard; name = Base; path = Base.lproj/Interface.storyboard; sourceTree = "<group>"; };
		C51A1AEA1AE88AED006D68E5 /* Shared.swift */ = {isa = PBXFileReference; fileEncoding = 4; lastKnownFileType = sourcecode.swift; path = Shared.swift; sourceTree = "<group>"; };
		C51A1AED1AE88F49006D68E5 /* testimage.png */ = {isa = PBXFileReference; lastKnownFileType = image.png; path = testimage.png; sourceTree = "<group>"; };
		C51A1AEF1AE8BAC4006D68E5 /* DisplayController.swift */ = {isa = PBXFileReference; fileEncoding = 4; lastKnownFileType = sourcecode.swift; path = DisplayController.swift; sourceTree = "<group>"; };
		C5E92EC11AE8EC7D007E9121 /* WatchImages.xcassets */ = {isa = PBXFileReference; lastKnownFileType = folder.assetcatalog; path = WatchImages.xcassets; sourceTree = "<group>"; };
/* End PBXFileReference section */

/* Begin PBXFrameworksBuildPhase section */
		C51A1A9A1AE87ADA006D68E5 /* Frameworks */ = {
			isa = PBXFrameworksBuildPhase;
			buildActionMask = 2147483647;
			files = (
			);
			runOnlyForDeploymentPostprocessing = 0;
		};
		C51A1AAF1AE87ADA006D68E5 /* Frameworks */ = {
			isa = PBXFrameworksBuildPhase;
			buildActionMask = 2147483647;
			files = (
			);
			runOnlyForDeploymentPostprocessing = 0;
		};
		C51A1AC31AE883C1006D68E5 /* Frameworks */ = {
			isa = PBXFrameworksBuildPhase;
			buildActionMask = 2147483647;
			files = (
			);
			runOnlyForDeploymentPostprocessing = 0;
		};
/* End PBXFrameworksBuildPhase section */

/* Begin PBXGroup section */
		C51A1A941AE87ADA006D68E5 = {
			isa = PBXGroup;
			children = (
				C51A1AEA1AE88AED006D68E5 /* Shared.swift */,
				C51A1AED1AE88F49006D68E5 /* testimage.png */,
				C51A1AA91AE87ADA006D68E5 /* Images.xcassets */,
				C51A1A9F1AE87ADA006D68E5 /* Watch Snap */,
				C51A1AB51AE87ADA006D68E5 /* Watch SnapTests */,
				C51A1AC71AE883C1006D68E5 /* Watch Snap WatchKit Extension */,
				C51A1AD71AE883C1006D68E5 /* Watch Snap WatchKit App */,
				C51A1A9E1AE87ADA006D68E5 /* Products */,
			);
			sourceTree = "<group>";
		};
		C51A1A9E1AE87ADA006D68E5 /* Products */ = {
			isa = PBXGroup;
			children = (
				C51A1A9D1AE87ADA006D68E5 /* Watch Snap.app */,
				C51A1AB21AE87ADA006D68E5 /* Watch SnapTests.xctest */,
				C51A1AC61AE883C1006D68E5 /* Watch Snap WatchKit Extension.appex */,
				C51A1AD31AE883C1006D68E5 /* Watch Snap WatchKit App.app */,
			);
			name = Products;
			sourceTree = "<group>";
		};
		C51A1A9F1AE87ADA006D68E5 /* Watch Snap */ = {
			isa = PBXGroup;
			children = (
				C51A1AA21AE87ADA006D68E5 /* AppDelegate.swift */,
				C51A1AA41AE87ADA006D68E5 /* ViewController.swift */,
				C51A1AA61AE87ADA006D68E5 /* Main.storyboard */,
				C51A1AAB1AE87ADA006D68E5 /* LaunchScreen.xib */,
				C51A1AA01AE87ADA006D68E5 /* Supporting Files */,
			);
			path = "Watch Snap";
			sourceTree = "<group>";
		};
		C51A1AA01AE87ADA006D68E5 /* Supporting Files */ = {
			isa = PBXGroup;
			children = (
				C51A1AA11AE87ADA006D68E5 /* Info.plist */,
			);
			name = "Supporting Files";
			sourceTree = "<group>";
		};
		C51A1AB51AE87ADA006D68E5 /* Watch SnapTests */ = {
			isa = PBXGroup;
			children = (
				C51A1AB81AE87ADA006D68E5 /* Watch_SnapTests.swift */,
				C51A1AB61AE87ADA006D68E5 /* Supporting Files */,
			);
			path = "Watch SnapTests";
			sourceTree = "<group>";
		};
		C51A1AB61AE87ADA006D68E5 /* Supporting Files */ = {
			isa = PBXGroup;
			children = (
				C51A1AB71AE87ADA006D68E5 /* Info.plist */,
			);
			name = "Supporting Files";
			sourceTree = "<group>";
		};
		C51A1AC71AE883C1006D68E5 /* Watch Snap WatchKit Extension */ = {
			isa = PBXGroup;
			children = (
				C51A1ACB1AE883C1006D68E5 /* PreviewController.swift */,
				C51A1AEF1AE8BAC4006D68E5 /* DisplayController.swift */,
				C51A1ACD1AE883C1006D68E5 /* NotificationController.swift */,
				C51A1AC81AE883C1006D68E5 /* Supporting Files */,
			);
			path = "Watch Snap WatchKit Extension";
			sourceTree = "<group>";
		};
		C51A1AC81AE883C1006D68E5 /* Supporting Files */ = {
			isa = PBXGroup;
			children = (
				C51A1AC91AE883C1006D68E5 /* Info.plist */,
				C51A1ACA1AE883C1006D68E5 /* PushNotificationPayload.apns */,
			);
			name = "Supporting Files";
			sourceTree = "<group>";
		};
		C51A1AD71AE883C1006D68E5 /* Watch Snap WatchKit App */ = {
			isa = PBXGroup;
			children = (
				C51A1ADA1AE883C1006D68E5 /* Interface.storyboard */,
				C5E92EC11AE8EC7D007E9121 /* WatchImages.xcassets */,
				C51A1AD81AE883C1006D68E5 /* Supporting Files */,
			);
			path = "Watch Snap WatchKit App";
			sourceTree = "<group>";
		};
		C51A1AD81AE883C1006D68E5 /* Supporting Files */ = {
			isa = PBXGroup;
			children = (
				C51A1AD91AE883C1006D68E5 /* Info.plist */,
			);
			name = "Supporting Files";
			sourceTree = "<group>";
		};
/* End PBXGroup section */

/* Begin PBXNativeTarget section */
		C51A1A9C1AE87ADA006D68E5 /* Watch Snap */ = {
			isa = PBXNativeTarget;
			buildConfigurationList = C51A1ABC1AE87ADA006D68E5 /* Build configuration list for PBXNativeTarget "Watch Snap" */;
			buildPhases = (
				C51A1A991AE87ADA006D68E5 /* Sources */,
				C51A1A9A1AE87ADA006D68E5 /* Frameworks */,
				C51A1A9B1AE87ADA006D68E5 /* Resources */,
				C51A1AE81AE883C1006D68E5 /* Embed App Extensions */,
			);
			buildRules = (
			);
			dependencies = (
				C51A1AE01AE883C1006D68E5 /* PBXTargetDependency */,
			);
			name = "Watch Snap";
			productName = "Watch Snap";
			productReference = C51A1A9D1AE87ADA006D68E5 /* Watch Snap.app */;
			productType = "com.apple.product-type.application";
		};
		C51A1AB11AE87ADA006D68E5 /* Watch SnapTests */ = {
			isa = PBXNativeTarget;
			buildConfigurationList = C51A1ABF1AE87ADA006D68E5 /* Build configuration list for PBXNativeTarget "Watch SnapTests" */;
			buildPhases = (
				C51A1AAE1AE87ADA006D68E5 /* Sources */,
				C51A1AAF1AE87ADA006D68E5 /* Frameworks */,
				C51A1AB01AE87ADA006D68E5 /* Resources */,
			);
			buildRules = (
			);
			dependencies = (
				C51A1AB41AE87ADA006D68E5 /* PBXTargetDependency */,
			);
			name = "Watch SnapTests";
			productName = "Watch SnapTests";
			productReference = C51A1AB21AE87ADA006D68E5 /* Watch SnapTests.xctest */;
			productType = "com.apple.product-type.bundle.unit-test";
		};
		C51A1AC51AE883C1006D68E5 /* Watch Snap WatchKit Extension */ = {
			isa = PBXNativeTarget;
			buildConfigurationList = C51A1AE51AE883C1006D68E5 /* Build configuration list for PBXNativeTarget "Watch Snap WatchKit Extension" */;
			buildPhases = (
				C51A1AC21AE883C1006D68E5 /* Sources */,
				C51A1AC31AE883C1006D68E5 /* Frameworks */,
				C51A1AC41AE883C1006D68E5 /* Resources */,
			);
			buildRules = (
			);
			dependencies = (
				C51A1AD61AE883C1006D68E5 /* PBXTargetDependency */,
			);
			name = "Watch Snap WatchKit Extension";
			productName = "Watch Snap WatchKit Extension";
			productReference = C51A1AC61AE883C1006D68E5 /* Watch Snap WatchKit Extension.appex */;
			productType = "com.apple.product-type.watchkit-extension";
		};
		C51A1AD21AE883C1006D68E5 /* Watch Snap WatchKit App */ = {
			isa = PBXNativeTarget;
			buildConfigurationList = C51A1AE21AE883C1006D68E5 /* Build configuration list for PBXNativeTarget "Watch Snap WatchKit App" */;
			buildPhases = (
				C51A1AD11AE883C1006D68E5 /* Resources */,
			);
			buildRules = (
			);
			dependencies = (
			);
			name = "Watch Snap WatchKit App";
			productName = "Watch Snap WatchKit App";
			productReference = C51A1AD31AE883C1006D68E5 /* Watch Snap WatchKit App.app */;
			productType = "com.apple.product-type.application.watchapp";
		};
/* End PBXNativeTarget section */

/* Begin PBXProject section */
		C51A1A951AE87ADA006D68E5 /* Project object */ = {
			isa = PBXProject;
			attributes = {
				LastUpgradeCheck = 0630;
				ORGANIZATIONNAME = "Cameron Little";
				TargetAttributes = {
					C51A1A9C1AE87ADA006D68E5 = {
						CreatedOnToolsVersion = 6.3.1;
						DevelopmentTeam = 6D9DLTQJSN;
					};
					C51A1AB11AE87ADA006D68E5 = {
						CreatedOnToolsVersion = 6.3.1;
						TestTargetID = C51A1A9C1AE87ADA006D68E5;
					};
					C51A1AC51AE883C1006D68E5 = {
						CreatedOnToolsVersion = 6.3.1;
						DevelopmentTeam = 6D9DLTQJSN;
						SystemCapabilities = {
							com.apple.ApplicationGroups.iOS = {
								enabled = 0;
							};
						};
					};
					C51A1AD21AE883C1006D68E5 = {
						CreatedOnToolsVersion = 6.3.1;
						DevelopmentTeam = 6D9DLTQJSN;
					};
				};
			};
			buildConfigurationList = C51A1A981AE87ADA006D68E5 /* Build configuration list for PBXProject "Watch Snap" */;
			compatibilityVersion = "Xcode 3.2";
			developmentRegion = English;
			hasScannedForEncodings = 0;
			knownRegions = (
				en,
				Base,
			);
			mainGroup = C51A1A941AE87ADA006D68E5;
			productRefGroup = C51A1A9E1AE87ADA006D68E5 /* Products */;
			projectDirPath = "";
			projectRoot = "";
			targets = (
				C51A1A9C1AE87ADA006D68E5 /* Watch Snap */,
				C51A1AB11AE87ADA006D68E5 /* Watch SnapTests */,
				C51A1AC51AE883C1006D68E5 /* Watch Snap WatchKit Extension */,
				C51A1AD21AE883C1006D68E5 /* Watch Snap WatchKit App */,
			);
		};
/* End PBXProject section */

/* Begin PBXResourcesBuildPhase section */
		C51A1A9B1AE87ADA006D68E5 /* Resources */ = {
			isa = PBXResourcesBuildPhase;
			buildActionMask = 2147483647;
			files = (
				C51A1AA81AE87ADA006D68E5 /* Main.storyboard in Resources */,
				C51A1AAD1AE87ADA006D68E5 /* LaunchScreen.xib in Resources */,
				C51A1AAA1AE87ADA006D68E5 /* Images.xcassets in Resources */,
				C51A1AEE1AE88F49006D68E5 /* testimage.png in Resources */,
			);
			runOnlyForDeploymentPostprocessing = 0;
		};
		C51A1AB01AE87ADA006D68E5 /* Resources */ = {
			isa = PBXResourcesBuildPhase;
			buildActionMask = 2147483647;
			files = (
			);
			runOnlyForDeploymentPostprocessing = 0;
		};
		C51A1AC41AE883C1006D68E5 /* Resources */ = {
			isa = PBXResourcesBuildPhase;
			buildActionMask = 2147483647;
			files = (
				C5B1F9A01AE8D4D4007541B5 /* Images.xcassets in Resources */,
				C51A1AD41AE883C1006D68E5 /* Watch Snap WatchKit App.app in Resources */,
			);
			runOnlyForDeploymentPostprocessing = 0;
		};
		C51A1AD11AE883C1006D68E5 /* Resources */ = {
			isa = PBXResourcesBuildPhase;
			buildActionMask = 2147483647;
			files = (
				C5E92EC21AE8EC7D007E9121 /* WatchImages.xcassets in Resources */,
				C51A1ADC1AE883C1006D68E5 /* Interface.storyboard in Resources */,
				C5B1F9A11AE8DE52007541B5 /* Images.xcassets in Resources */,
			);
			runOnlyForDeploymentPostprocessing = 0;
		};
/* End PBXResourcesBuildPhase section */

/* Begin PBXSourcesBuildPhase section */
		C51A1A991AE87ADA006D68E5 /* Sources */ = {
			isa = PBXSourcesBuildPhase;
			buildActionMask = 2147483647;
			files = (
				C51A1AEB1AE88AED006D68E5 /* Shared.swift in Sources */,
				C51A1AA51AE87ADA006D68E5 /* ViewController.swift in Sources */,
				C51A1AA31AE87ADA006D68E5 /* AppDelegate.swift in Sources */,
			);
			runOnlyForDeploymentPostprocessing = 0;
		};
		C51A1AAE1AE87ADA006D68E5 /* Sources */ = {
			isa = PBXSourcesBuildPhase;
			buildActionMask = 2147483647;
			files = (
				C51A1AB91AE87ADA006D68E5 /* Watch_SnapTests.swift in Sources */,
			);
			runOnlyForDeploymentPostprocessing = 0;
		};
		C51A1AC21AE883C1006D68E5 /* Sources */ = {
			isa = PBXSourcesBuildPhase;
			buildActionMask = 2147483647;
			files = (
				C51A1AF01AE8BAC4006D68E5 /* DisplayController.swift in Sources */,
				C51A1AEC1AE88AF8006D68E5 /* Shared.swift in Sources */,
				C51A1ACE1AE883C1006D68E5 /* NotificationController.swift in Sources */,
				C51A1ACC1AE883C1006D68E5 /* PreviewController.swift in Sources */,
			);
			runOnlyForDeploymentPostprocessing = 0;
		};
/* End PBXSourcesBuildPhase section */

/* Begin PBXTargetDependency section */
		C51A1AB41AE87ADA006D68E5 /* PBXTargetDependency */ = {
			isa = PBXTargetDependency;
			target = C51A1A9C1AE87ADA006D68E5 /* Watch Snap */;
			targetProxy = C51A1AB31AE87ADA006D68E5 /* PBXContainerItemProxy */;
		};
		C51A1AD61AE883C1006D68E5 /* PBXTargetDependency */ = {
			isa = PBXTargetDependency;
			target = C51A1AD21AE883C1006D68E5 /* Watch Snap WatchKit App */;
			targetProxy = C51A1AD51AE883C1006D68E5 /* PBXContainerItemProxy */;
		};
		C51A1AE01AE883C1006D68E5 /* PBXTargetDependency */ = {
			isa = PBXTargetDependency;
			target = C51A1AC51AE883C1006D68E5 /* Watch Snap WatchKit Extension */;
			targetProxy = C51A1ADF1AE883C1006D68E5 /* PBXContainerItemProxy */;
		};
/* End PBXTargetDependency section */

/* Begin PBXVariantGroup section */
		C51A1AA61AE87ADA006D68E5 /* Main.storyboard */ = {
			isa = PBXVariantGroup;
			children = (
				C51A1AA71AE87ADA006D68E5 /* Base */,
			);
			name = Main.storyboard;
			sourceTree = "<group>";
		};
		C51A1AAB1AE87ADA006D68E5 /* LaunchScreen.xib */ = {
			isa = PBXVariantGroup;
			children = (
				C51A1AAC1AE87ADA006D68E5 /* Base */,
			);
			name = LaunchScreen.xib;
			sourceTree = "<group>";
		};
		C51A1ADA1AE883C1006D68E5 /* Interface.storyboard */ = {
			isa = PBXVariantGroup;
			children = (
				C51A1ADB1AE883C1006D68E5 /* Base */,
			);
			name = Interface.storyboard;
			sourceTree = "<group>";
		};
/* End PBXVariantGroup section */

/* Begin XCBuildConfiguration section */
		C51A1ABA1AE87ADA006D68E5 /* Debug */ = {
			isa = XCBuildConfiguration;
			buildSettings = {
				ALWAYS_SEARCH_USER_PATHS = NO;
				CLANG_CXX_LANGUAGE_STANDARD = "gnu++0x";
				CLANG_CXX_LIBRARY = "libc++";
				CLANG_ENABLE_MODULES = YES;
				CLANG_ENABLE_OBJC_ARC = YES;
				CLANG_WARN_BOOL_CONVERSION = YES;
				CLANG_WARN_CONSTANT_CONVERSION = YES;
				CLANG_WARN_DIRECT_OBJC_ISA_USAGE = YES_ERROR;
				CLANG_WARN_EMPTY_BODY = YES;
				CLANG_WARN_ENUM_CONVERSION = YES;
				CLANG_WARN_INT_CONVERSION = YES;
				CLANG_WARN_OBJC_ROOT_CLASS = YES_ERROR;
				CLANG_WARN_UNREACHABLE_CODE = YES;
				CLANG_WARN__DUPLICATE_METHOD_MATCH = YES;
				"CODE_SIGN_IDENTITY[sdk=iphoneos*]" = "iPhone Developer";
				COPY_PHASE_STRIP = NO;
				DEBUG_INFORMATION_FORMAT = "dwarf-with-dsym";
				ENABLE_STRICT_OBJC_MSGSEND = YES;
				GCC_C_LANGUAGE_STANDARD = gnu99;
				GCC_DYNAMIC_NO_PIC = NO;
				GCC_NO_COMMON_BLOCKS = YES;
				GCC_OPTIMIZATION_LEVEL = 0;
				GCC_PREPROCESSOR_DEFINITIONS = (
					"DEBUG=1",
					"$(inherited)",
				);
				GCC_SYMBOLS_PRIVATE_EXTERN = NO;
				GCC_WARN_64_TO_32_BIT_CONVERSION = YES;
				GCC_WARN_ABOUT_RETURN_TYPE = YES_ERROR;
				GCC_WARN_UNDECLARED_SELECTOR = YES;
				GCC_WARN_UNINITIALIZED_AUTOS = YES_AGGRESSIVE;
				GCC_WARN_UNUSED_FUNCTION = YES;
				GCC_WARN_UNUSED_VARIABLE = YES;
				IPHONEOS_DEPLOYMENT_TARGET = 8.3;
				MTL_ENABLE_DEBUG_INFO = YES;
				ONLY_ACTIVE_ARCH = YES;
				SDKROOT = iphoneos;
				SWIFT_OPTIMIZATION_LEVEL = "-Onone";
			};
			name = Debug;
		};
		C51A1ABB1AE87ADA006D68E5 /* Release */ = {
			isa = XCBuildConfiguration;
			buildSettings = {
				ALWAYS_SEARCH_USER_PATHS = NO;
				CLANG_CXX_LANGUAGE_STANDARD = "gnu++0x";
				CLANG_CXX_LIBRARY = "libc++";
				CLANG_ENABLE_MODULES = YES;
				CLANG_ENABLE_OBJC_ARC = YES;
				CLANG_WARN_BOOL_CONVERSION = YES;
				CLANG_WARN_CONSTANT_CONVERSION = YES;
				CLANG_WARN_DIRECT_OBJC_ISA_USAGE = YES_ERROR;
				CLANG_WARN_EMPTY_BODY = YES;
				CLANG_WARN_ENUM_CONVERSION = YES;
				CLANG_WARN_INT_CONVERSION = YES;
				CLANG_WARN_OBJC_ROOT_CLASS = YES_ERROR;
				CLANG_WARN_UNREACHABLE_CODE = YES;
				CLANG_WARN__DUPLICATE_METHOD_MATCH = YES;
				"CODE_SIGN_IDENTITY[sdk=iphoneos*]" = "iPhone Developer";
				COPY_PHASE_STRIP = NO;
				DEBUG_INFORMATION_FORMAT = "dwarf-with-dsym";
				ENABLE_NS_ASSERTIONS = NO;
				ENABLE_STRICT_OBJC_MSGSEND = YES;
				GCC_C_LANGUAGE_STANDARD = gnu99;
				GCC_NO_COMMON_BLOCKS = YES;
				GCC_WARN_64_TO_32_BIT_CONVERSION = YES;
				GCC_WARN_ABOUT_RETURN_TYPE = YES_ERROR;
				GCC_WARN_UNDECLARED_SELECTOR = YES;
				GCC_WARN_UNINITIALIZED_AUTOS = YES_AGGRESSIVE;
				GCC_WARN_UNUSED_FUNCTION = YES;
				GCC_WARN_UNUSED_VARIABLE = YES;
				IPHONEOS_DEPLOYMENT_TARGET = 8.3;
				MTL_ENABLE_DEBUG_INFO = NO;
				SDKROOT = iphoneos;
				VALIDATE_PRODUCT = YES;
			};
			name = Release;
		};
		C51A1ABD1AE87ADA006D68E5 /* Debug */ = {
			isa = XCBuildConfiguration;
			buildSettings = {
				ASSETCATALOG_COMPILER_APPICON_NAME = AppIcon;
				CODE_SIGN_IDENTITY = "iPhone Developer";
				INFOPLIST_FILE = "Watch Snap/Info.plist";
				LD_RUNPATH_SEARCH_PATHS = "$(inherited) @executable_path/Frameworks";
				PRODUCT_NAME = "$(TARGET_NAME)";
			};
			name = Debug;
		};
		C51A1ABE1AE87ADA006D68E5 /* Release */ = {
			isa = XCBuildConfiguration;
			buildSettings = {
				ASSETCATALOG_COMPILER_APPICON_NAME = AppIcon;
				CODE_SIGN_IDENTITY = "iPhone Developer";
				INFOPLIST_FILE = "Watch Snap/Info.plist";
				LD_RUNPATH_SEARCH_PATHS = "$(inherited) @executable_path/Frameworks";
				PRODUCT_NAME = "$(TARGET_NAME)";
			};
			name = Release;
		};
		C51A1AC01AE87ADA006D68E5 /* Debug */ = {
			isa = XCBuildConfiguration;
			buildSettings = {
				BUNDLE_LOADER = "$(TEST_HOST)";
				FRAMEWORK_SEARCH_PATHS = (
					"$(SDKROOT)/Developer/Library/Frameworks",
					"$(inherited)",
				);
				GCC_PREPROCESSOR_DEFINITIONS = (
					"DEBUG=1",
					"$(inherited)",
				);
				INFOPLIST_FILE = "Watch SnapTests/Info.plist";
				LD_RUNPATH_SEARCH_PATHS = "$(inherited) @executable_path/Frameworks @loader_path/Frameworks";
				PRODUCT_NAME = "$(TARGET_NAME)";
				TEST_HOST = "$(BUILT_PRODUCTS_DIR)/Watch Snap.app/Watch Snap";
			};
			name = Debug;
		};
		C51A1AC11AE87ADA006D68E5 /* Release */ = {
			isa = XCBuildConfiguration;
			buildSettings = {
				BUNDLE_LOADER = "$(TEST_HOST)";
				FRAMEWORK_SEARCH_PATHS = (
					"$(SDKROOT)/Developer/Library/Frameworks",
					"$(inherited)",
				);
				INFOPLIST_FILE = "Watch SnapTests/Info.plist";
				LD_RUNPATH_SEARCH_PATHS = "$(inherited) @executable_path/Frameworks @loader_path/Frameworks";
				PRODUCT_NAME = "$(TARGET_NAME)";
				TEST_HOST = "$(BUILT_PRODUCTS_DIR)/Watch Snap.app/Watch Snap";
			};
			name = Release;
		};
		C51A1AE31AE883C1006D68E5 /* Debug */ = {
			isa = XCBuildConfiguration;
			buildSettings = {
				ASSETCATALOG_COMPILER_APPICON_NAME = AppIcon;
				CODE_SIGN_IDENTITY = "iPhone Developer";
				GCC_PREPROCESSOR_DEFINITIONS = (
					"DEBUG=1",
					"$(inherited)",
				);
				IBSC_MODULE = Watch_Snap_WatchKit_Extension;
				INFOPLIST_FILE = "Watch Snap WatchKit App/Info.plist";
				IPHONEOS_DEPLOYMENT_TARGET = 8.2;
				PRODUCT_NAME = "$(TARGET_NAME)";
				SKIP_INSTALL = YES;
				TARGETED_DEVICE_FAMILY = 4;
				"TARGETED_DEVICE_FAMILY[sdk=iphonesimulator*]" = "1,4";
			};
			name = Debug;
		};
		C51A1AE41AE883C1006D68E5 /* Release */ = {
			isa = XCBuildConfiguration;
			buildSettings = {
				ASSETCATALOG_COMPILER_APPICON_NAME = AppIcon;
				CODE_SIGN_IDENTITY = "iPhone Developer";
				IBSC_MODULE = Watch_Snap_WatchKit_Extension;
				INFOPLIST_FILE = "Watch Snap WatchKit App/Info.plist";
				IPHONEOS_DEPLOYMENT_TARGET = 8.2;
				PRODUCT_NAME = "$(TARGET_NAME)";
				SKIP_INSTALL = YES;
				TARGETED_DEVICE_FAMILY = 4;
				"TARGETED_DEVICE_FAMILY[sdk=iphonesimulator*]" = "1,4";
			};
			name = Release;
		};
		C51A1AE61AE883C1006D68E5 /* Debug */ = {
			isa = XCBuildConfiguration;
			buildSettings = {
				CODE_SIGN_IDENTITY = "iPhone Developer";
				"CODE_SIGN_IDENTITY[sdk=iphoneos*]" = "iPhone Developer";
				GCC_PREPROCESSOR_DEFINITIONS = (
					"DEBUG=1",
					"$(inherited)",
				);
				INFOPLIST_FILE = "Watch Snap WatchKit Extension/Info.plist";
				LD_RUNPATH_SEARCH_PATHS = "$(inherited) @executable_path/Frameworks @executable_path/../../Frameworks";
				PRODUCT_NAME = "${TARGET_NAME}";
				PROVISIONING_PROFILE = "";
				SKIP_INSTALL = YES;
			};
			name = Debug;
		};
		C51A1AE71AE883C1006D68E5 /* Release */ = {
			isa = XCBuildConfiguration;
			buildSettings = {
				CODE_SIGN_IDENTITY = "iPhone Developer";
				"CODE_SIGN_IDENTITY[sdk=iphoneos*]" = "iPhone Developer";
				INFOPLIST_FILE = "Watch Snap WatchKit Extension/Info.plist";
				LD_RUNPATH_SEARCH_PATHS = "$(inherited) @executable_path/Frameworks @executable_path/../../Frameworks";
				PRODUCT_NAME = "${TARGET_NAME}";
				PROVISIONING_PROFILE = "";
				SKIP_INSTALL = YES;
			};
			name = Release;
		};
/* End XCBuildConfiguration section */

/* Begin XCConfigurationList section */
		C51A1A981AE87ADA006D68E5 /* Build configuration list for PBXProject "Watch Snap" */ = {
			isa = XCConfigurationList;
			buildConfigurations = (
				C51A1ABA1AE87ADA006D68E5 /* Debug */,
				C51A1ABB1AE87ADA006D68E5 /* Release */,
			);
			defaultConfigurationIsVisible = 0;
			defaultConfigurationName = Release;
		};
		C51A1ABC1AE87ADA006D68E5 /* Build configuration list for PBXNativeTarget "Watch Snap" */ = {
			isa = XCConfigurationList;
			buildConfigurations = (
				C51A1ABD1AE87ADA006D68E5 /* Debug */,
				C51A1ABE1AE87ADA006D68E5 /* Release */,
			);
			defaultConfigurationIsVisible = 0;
			defaultConfigurationName = Release;
		};
		C51A1ABF1AE87ADA006D68E5 /* Build configuration list for PBXNativeTarget "Watch SnapTests" */ = {
			isa = XCConfigurationList;
			buildConfigurations = (
				C51A1AC01AE87ADA006D68E5 /* Debug */,
				C51A1AC11AE87ADA006D68E5 /* Release */,
			);
			defaultConfigurationIsVisible = 0;
			defaultConfigurationName = Release;
		};
		C51A1AE21AE883C1006D68E5 /* Build configuration list for PBXNativeTarget "Watch Snap WatchKit App" */ = {
			isa = XCConfigurationList;
			buildConfigurations = (
				C51A1AE31AE883C1006D68E5 /* Debug */,
				C51A1AE41AE883C1006D68E5 /* Release */,
			);
			defaultConfigurationIsVisible = 0;
			defaultConfigurationName = Release;
		};
		C51A1AE51AE883C1006D68E5 /* Build configuration list for PBXNativeTarget "Watch Snap WatchKit Extension" */ = {
			isa = XCConfigurationList;
			buildConfigurations = (
				C51A1AE61AE883C1006D68E5 /* Debug */,
				C51A1AE71AE883C1006D68E5 /* Release */,
			);
			defaultConfigurationIsVisible = 0;
			defaultConfigurationName = Release;
		};
/* End XCConfigurationList section */
	};
	rootObject = C51A1A951AE87ADA006D68E5 /* Project object */;
}
